
Microsoft Visual Studio Solution File, Format Version 12.00
# Visual Studio Version 16
VisualStudioVersion = 16.0.29102.190
MinimumVisualStudioVersion = 10.0.40219.1
Project("{FAE04EC0-301F-11D3-BF4B-00C04F79EFBC}") = "BCom", "BCom.csproj", "{4B2FAB85-F7A2-4A5B-88E1-DCD8B63A6C13}"
EndProject
Global
	GlobalSection(SolutionConfigurationPlatforms) = preSolution
		Debug|Any CPU = Debug|Any CPU
		Release|Any CPU = Release|Any CPU
	EndGlobalSection
	GlobalSection(ProjectConfigurationPlatforms) = postSolution
		{4B2FAB85-F7A2-4A5B-88E1-DCD8B63A6C13}.Debug|Any CPU.ActiveCfg = Debug|Any CPU
		{4B2FAB85-F7A2-4A5B-88E1-DCD8B63A6C13}.Debug|Any CPU.Build.0 = Debug|Any CPU
		{4B2FAB85-F7A2-4A5B-88E1-DCD8B63A6C13}.Release|Any CPU.ActiveCfg = Release|Any CPU
		{4B2FAB85-F7A2-4A5B-88E1-DCD8B63A6C13}.Release|Any CPU.Build.0 = Release|Any CPU
	EndGlobalSection
	GlobalSection(SolutionProperties) = preSolution
		HideSolutionNode = FALSE
	EndGlobalSection
	GlobalSection(ExtensibilityGlobals) = postSolution
		SolutionGuid = {1DA19333-80E5-4B88-88AC-8A5390D3D474}
	EndGlobalSection
EndGlobal
